# This file is autogenerated, do not edit; changes may be undone by the next 'dep ensure'.


[[projects]]
  name = "github.com/BurntSushi/toml"
  packages = ["."]
  revision = "b26d9c308763d68093482582cea63d69be07a0f0"
  version = "v0.3.0"

[[projects]]
  branch = "master"
  name = "github.com/btcsuite/btcd"
  packages = ["btcec"]
  revision = "2be2f12b358dc57d70b8f501b00be450192efbc3"

[[projects]]
  name = "github.com/fsouza/go-dockerclient"
  packages = [
    ".",
    "external/github.com/Sirupsen/logrus",
    "external/github.com/docker/docker/opts",
    "external/github.com/docker/docker/pkg/archive",
    "external/github.com/docker/docker/pkg/fileutils",
    "external/github.com/docker/docker/pkg/homedir",
    "external/github.com/docker/docker/pkg/idtools",
    "external/github.com/docker/docker/pkg/ioutils",
    "external/github.com/docker/docker/pkg/longpath",
    "external/github.com/docker/docker/pkg/pools",
    "external/github.com/docker/docker/pkg/promise",
    "external/github.com/docker/docker/pkg/stdcopy",
    "external/github.com/docker/docker/pkg/system",
    "external/github.com/docker/go-units",
    "external/github.com/hashicorp/go-cleanhttp",
    "external/github.com/opencontainers/runc/libcontainer/user",
    "external/golang.org/x/net/context",
    "external/golang.org/x/sys/unix"
  ]
  revision = "1d4f4ae73768d3ca16a6fb964694f58dc5eba601"
  version = "docker-1.9/go-1.4"

[[projects]]
  name = "github.com/go-kit/kit"
  packages = [
    "log",
    "log/level",
    "log/term"
  ]
  revision = "4dc7be5d2d12881735283bcab7352178e190fc71"
  version = "v0.6.0"

[[projects]]
  name = "github.com/go-logfmt/logfmt"
  packages = ["."]
  revision = "390ab7935ee28ec6b286364bba9b4dd6410cb3d5"
  version = "v0.3.0"

[[projects]]
  name = "github.com/go-playground/locales"
  packages = [
    ".",
    "currency"
  ]
  revision = "f63010822830b6fe52288ee52d5a1151088ce039"
  version = "v0.12.1"

[[projects]]
  name = "github.com/go-playground/universal-translator"
  packages = ["."]
  revision = "b32fa301c9fe55953584134cb6853a13c87ec0a1"
  version = "v0.16.0"

[[projects]]
  name = "github.com/go-stack/stack"
  packages = ["."]
  revision = "259ab82a6cad3992b4e21ff5cac294ccb06474bc"
  version = "v1.7.0"

[[projects]]
  name = "github.com/golang/protobuf"
  packages = [
    "proto",
    "ptypes",
    "ptypes/any",
    "ptypes/duration",
    "ptypes/empty",
    "ptypes/timestamp"
  ]
  revision = "fec3b39b059c0f88fa6b20f5ed012b1aa203a8b4"

[[projects]]
  branch = "develop"
  name = "github.com/hyperledger/burrow"
  packages = [
    "account",
    "binary",
    "execution/evm/asm",
    "execution/evm/asm/bc",
    "permission/types"
  ]
  revision = "a3f2b9251b2ce4f21b2993f1b6918c4ce7fe2d5d"

[[projects]]
  branch = "master"
  name = "github.com/hyperledger/fabric"
  packages = [
    "bccsp",
    "bccsp/factory",
    "bccsp/pkcs11",
    "bccsp/signer",
    "bccsp/sw",
    "bccsp/utils",
    "common/crypto",
    "common/flogging",
    "common/ledger",
    "common/metadata",
    "common/util",
    "core/chaincode/platforms",
    "core/chaincode/platforms/car",
    "core/chaincode/platforms/ccmetadata",
    "core/chaincode/platforms/golang",
    "core/chaincode/platforms/java",
    "core/chaincode/platforms/node",
    "core/chaincode/platforms/util",
    "core/chaincode/shim",
    "core/comm",
    "core/common/ccprovider/metadata",
    "core/config",
    "core/container/util",
    "idemix",
    "msp",
    "protos/common",
    "protos/ledger/queryresult",
    "protos/msp",
    "protos/peer",
    "protos/utils"
  ]
  revision = "752752fe5e8866091a6464f5c326d51923a216d9"

[[projects]]
  branch = "master"
  name = "github.com/hyperledger/fabric-amcl"
  packages = [
    "amcl",
    "amcl/FP256BN"
  ]
  revision = "600b0c45a024131b326a41096da0559a9a7461fd"

[[projects]]
  branch = "master"
  name = "github.com/kr/logfmt"
  packages = ["."]
  revision = "b84e30acd515aadc4b783ad4ff83aff3299bdfe0"

[[projects]]
  branch = "master"
  name = "github.com/kr/pretty"
  packages = ["."]
  revision = "cfb55aafdaf3ec08f0db22699ab822c50091b1c4"

[[projects]]
  branch = "master"
  name = "github.com/kr/text"
  packages = ["."]
  revision = "7cafcd837844e784b526369c9bce262804aebc60"

[[projects]]
  name = "github.com/magiconair/properties"
  packages = ["."]
  revision = "c3beff4c2358b44d0493c7dda585e7db7ff28ae6"
  version = "v1.7.6"

[[projects]]
  branch = "master"
  name = "github.com/miekg/pkcs11"
  packages = ["."]
  revision = "05bded61edae2ff9358deca53276738020b926ea"

[[projects]]
  branch = "master"
  name = "github.com/mitchellh/mapstructure"
  packages = ["."]
  revision = "00c29f56e2386353d58c599509e8dc3801b0d716"

[[projects]]
  branch = "master"
  name = "github.com/onsi/ginkgo"
  packages = [
    ".",
    "config",
    "internal/codelocation",
    "internal/containernode",
    "internal/failer",
    "internal/leafnodes",
    "internal/remote",
    "internal/spec",
    "internal/specrunner",
    "internal/suite",
    "internal/testingtproxy",
    "internal/writer",
    "reporters",
    "reporters/stenographer",
    "types"
  ]
  revision = "5437a97bf824dec14e58d68c56ee36e772670c2e"

[[projects]]
  branch = "master"
  name = "github.com/onsi/gomega"
  packages = [
    ".",
    "format",
    "internal/assertion",
    "internal/asyncassertion",
    "internal/oraclematcher",
    "internal/testingtsupport",
    "matchers",
    "matchers/support/goraph/bipartitegraph",
    "matchers/support/goraph/edge",
    "matchers/support/goraph/node",
    "matchers/support/goraph/util",
    "types"
  ]
  revision = "f1f0f388b31eca4e2cbe7a6dd8a3a1dfddda5b1c"

[[projects]]
  branch = "master"
  name = "github.com/op/go-logging"
  packages = ["."]
  revision = "970db520ece77730c7e4724c61121037378659d9"

[[projects]]
  name = "github.com/pkg/errors"
  packages = ["."]
  revision = "645ef00459ed84a119197bfb8d8205042c6df63d"
  version = "v0.8.0"

[[projects]]
  name = "github.com/spf13/cast"
  packages = ["."]
  revision = "8965335b8c7107321228e3e3702cab9832751bac"
  version = "v1.2.0"

[[projects]]
  branch = "master"
  name = "github.com/spf13/jwalterweatherman"
  packages = ["."]
  revision = "7c0cea34c8ece3fbeb2b27ab9b59511d360fb394"

[[projects]]
  name = "github.com/spf13/pflag"
  packages = ["."]
  revision = "583c0c0531f06d5278b7d917446061adc344b5cd"
  version = "v1.0.1"

[[projects]]
  name = "github.com/spf13/viper"
  packages = ["."]
  revision = "1967d93db724f4a5c0e101307e96d82ff520a067"

[[projects]]
  branch = "master"
  name = "github.com/tendermint/ed25519"
  packages = [
    ".",
    "edwards25519",
    "extra25519"
  ]
  revision = "d8387025d2b9d158cf4efb07e7ebf814bcce2057"

[[projects]]
  name = "github.com/tendermint/go-crypto"
  packages = ["."]
  revision = "dd20358a264c772b4a83e477b0cfce4c88a7001d"
  version = "v0.4.1"

[[projects]]
  name = "github.com/tendermint/go-wire"
  packages = [
    ".",
    "data"
  ]
  revision = "fa721242b042ecd4c6ed1a934ee740db4f74e45c"
  version = "v0.7.3"

[[projects]]
  name = "github.com/tendermint/tmlibs"
  packages = [
    "common",
    "log"
  ]
  revision = "91b4b534ad78e442192c8175db92a06a51064064"
  version = "v0.6.0"

[[projects]]
  branch = "master"
  name = "github.com/tmthrgd/asm"
  packages = ["."]
  revision = "4be3ab5ca701563b932e93c3f3b58aad8b5ed230"

[[projects]]
  branch = "master"
  name = "github.com/tmthrgd/go-hex"
  packages = ["."]
  revision = "13ed8ac0738b1390630f86f6bf0943730c6d8037"

[[projects]]
  branch = "master"
  name = "golang.org/x/crypto"
  packages = [
    "ed25519",
    "ed25519/internal/edwards25519",
    "nacl/secretbox",
    "openpgp/armor",
    "openpgp/errors",
    "poly1305",
    "ripemd160",
    "salsa20/salsa",
    "sha3"
  ]
  revision = "d6449816ce06963d9d136eee5a56fca5b0616e7e"

[[projects]]
  branch = "master"
  name = "golang.org/x/net"
  packages = [
    "context",
    "http2",
    "http2/hpack",
    "idna",
    "internal/timeseries",
    "lex/httplex",
    "trace"
  ]
  revision = "61147c48b25b599e5b561d2e9c4f3e1ef489ca41"

[[projects]]
  name = "golang.org/x/text"
  packages = [
    "collate",
    "collate/build",
    "internal/colltab",
    "internal/gen",
    "internal/tag",
    "internal/triegen",
    "internal/ucd",
    "language",
    "secure/bidirule",
    "transform",
    "unicode/bidi",
    "unicode/cldr",
    "unicode/norm",
    "unicode/rangetable"
  ]
  revision = "f21a4dfb5e38f5895301dc265a8def02365cc3d0"
  version = "v0.3.0"

[[projects]]
  branch = "master"
  name = "google.golang.org/genproto"
  packages = ["googleapis/rpc/status"]
  revision = "7fd901a49ba6a7f87732eb344f6e3c5b19d1b200"

[[projects]]
  name = "google.golang.org/grpc"
  packages = [
    ".",
    "balancer",
    "balancer/base",
    "balancer/roundrobin",
    "codes",
    "connectivity",
    "credentials",
    "encoding",
    "encoding/proto",
    "grpclb/grpc_lb_v1/messages",
    "grpclog",
    "internal",
    "keepalive",
    "metadata",
    "naming",
    "peer",
    "resolver",
    "resolver/dns",
    "resolver/passthrough",
    "stats",
    "status",
    "tap",
    "transport"
  ]
  revision = "8e4536a86ab602859c20df5ebfd0bd4228d08655"
  version = "v1.10.0"

[[projects]]
  name = "gopkg.in/go-playground/validator.v9"
  packages = ["."]
  revision = "14984d91328f9612b58443cbdf4a077d4fd71091"
  version = "v9.15.0"

[[projects]]
  name = "gopkg.in/yaml.v2"
  packages = ["."]
  revision = "a3f3340b5840cee44f372bddb5880fcbc419b46a"

[solve-meta]
  analyzer-name = "dep"
  analyzer-version = 1
  inputs-digest = "0eaf9f342095f540fdcc840ba15a5d5bdff5176386f04b5dacc309004dbc5375"
  solver-name = "gps-cdcl"
  solver-version = 1
